
Microsoft Visual Studio Solution File, Format Version 12.00
# Visual Studio Version 16
VisualStudioVersion = 16.0.32002.261
MinimumVisualStudioVersion = 10.0.40219.1
Project("{FAE04EC0-301F-11D3-BF4B-00C04F79EFBC}") = "Mi Nombre", "Mi Nombre\Mi Nombre.csproj", "{601E6002-BB60-44A9-9D3C-D107BB9A3DEE}"
EndProject
Global
	GlobalSection(SolutionConfigurationPlatforms) = preSolution
		Debug|Any CPU = Debug|Any CPU
		Release|Any CPU = Release|Any CPU
	EndGlobalSection
	GlobalSection(ProjectConfigurationPlatforms) = postSolution
		{601E6002-BB60-44A9-9D3C-D107BB9A3DEE}.Debug|Any CPU.ActiveCfg = Debug|Any CPU
		{601E6002-BB60-44A9-9D3C-D107BB9A3DEE}.Debug|Any CPU.Build.0 = Debug|Any CPU
		{601E6002-BB60-44A9-9D3C-D107BB9A3DEE}.Release|Any CPU.ActiveCfg = Release|Any CPU
		{601E6002-BB60-44A9-9D3C-D107BB9A3DEE}.Release|Any CPU.Build.0 = Release|Any CPU
	EndGlobalSection
	GlobalSection(SolutionProperties) = preSolution
		HideSolutionNode = FALSE
	EndGlobalSection
	GlobalSection(ExtensibilityGlobals) = postSolution
		SolutionGuid = {C084FDF4-17B9-46C9-9560-B656B957D354}
	EndGlobalSection
EndGlobal
